
Microsoft Visual Studio Solution File, Format Version 12.00
# Visual Studio Version 17
VisualStudioVersion = 17.6.33815.320
MinimumVisualStudioVersion = 10.0.40219.1
Project("{FAE04EC0-301F-11D3-BF4B-00C04F79EFBC}") = "game trial 3", "game trial 3\game trial 3.csproj", "{66AC953A-7C2A-4C3A-9F58-1D5183A70735}"
EndProject
Global
	GlobalSection(SolutionConfigurationPlatforms) = preSolution
		Debug|Any CPU = Debug|Any CPU
		Release|Any CPU = Release|Any CPU
	EndGlobalSection
	GlobalSection(ProjectConfigurationPlatforms) = postSolution
		{66AC953A-7C2A-4C3A-9F58-1D5183A70735}.Debug|Any CPU.ActiveCfg = Debug|Any CPU
		{66AC953A-7C2A-4C3A-9F58-1D5183A70735}.Debug|Any CPU.Build.0 = Debug|Any CPU
		{66AC953A-7C2A-4C3A-9F58-1D5183A70735}.Release|Any CPU.ActiveCfg = Release|Any CPU
		{66AC953A-7C2A-4C3A-9F58-1D5183A70735}.Release|Any CPU.Build.0 = Release|Any CPU
	EndGlobalSection
	GlobalSection(SolutionProperties) = preSolution
		HideSolutionNode = FALSE
	EndGlobalSection
	GlobalSection(ExtensibilityGlobals) = postSolution
		SolutionGuid = {7D68893E-EA6B-41C8-9830-957645EA2506}
	EndGlobalSection
EndGlobal
